// !$*UTF8*$!
{
	archiveVersion = 1;
	classes = {
	};
	objectVersion = 48;
	objects = {

/* Begin PBXBuildFile section */
		27B7EE9A1F50F0870056013D /* AppDelegate.swift in Sources */ = {isa = PBXBuildFile; fileRef = 27B7EE991F50F0870056013D /* AppDelegate.swift */; };
		27B7EE9E1F50F0870056013D /* ViewController.swift in Sources */ = {isa = PBXBuildFile; fileRef = 27B7EE9D1F50F0870056013D /* ViewController.swift */; };
		27B7EEA11F50F0870056013D /* Main.storyboard in Resources */ = {isa = PBXBuildFile; fileRef = 27B7EE9F1F50F0870056013D /* Main.storyboard */; };
		27B7EEA31F50F0870056013D /* Assets.xcassets in Resources */ = {isa = PBXBuildFile; fileRef = 27B7EEA21F50F0870056013D /* Assets.xcassets */; };
		27B7EEA61F50F0870056013D /* LaunchScreen.storyboard in Resources */ = {isa = PBXBuildFile; fileRef = 27B7EEA41F50F0870056013D /* LaunchScreen.storyboard */; };
		27B7EEAE1F50F1470056013D /* PlaneNode.swift in Sources */ = {isa = PBXBuildFile; fileRef = 27B7EEAD1F50F1470056013D /* PlaneNode.swift */; };
/* End PBXBuildFile section */

/* Begin PBXFileReference section */
		27B7EE961F50F0870056013D /* ARKitPlaneDetectionSample.app */ = {isa = PBXFileReference; explicitFileType = wrapper.application; includeInIndex = 0; path = ARKitPlaneDetectionSample.app; sourceTree = BUILT_PRODUCTS_DIR; };
		27B7EE991F50F0870056013D /* AppDelegate.swift */ = {isa = PBXFileReference; lastKnownFileType = sourcecode.swift; path = AppDelegate.swift; sourceTree = "<group>"; };
		27B7EE9D1F50F0870056013D /* ViewController.swift */ = {isa = PBXFileReference; lastKnownFileType = sourcecode.swift; path = ViewController.swift; sourceTree = "<group>"; };
		27B7EEA01F50F0870056013D /* Base */ = {isa = PBXFileReference; lastKnownFileType = file.storyboard; name = Base; path = Base.lproj/Main.storyboard; sourceTree = "<group>"; };
		27B7EEA21F50F0870056013D /* Assets.xcassets */ = {isa = PBXFileReference; lastKnownFileType = folder.assetcatalog; path = Assets.xcassets; sourceTree = "<group>"; };
		27B7EEA51F50F0870056013D /* Base */ = {isa = PBXFileReference; lastKnownFileType = file.storyboard; name = Base; path = Base.lproj/LaunchScreen.storyboard; sourceTree = "<group>"; };
		27B7EEA71F50F0870056013D /* Info.plist */ = {isa = PBXFileReference; lastKnownFileType = text.plist.xml; path = Info.plist; sourceTree = "<group>"; };
		27B7EEAD1F50F1470056013D /* PlaneNode.swift */ = {isa = PBXFileReference; lastKnownFileType = sourcecode.swift; path = PlaneNode.swift; sourceTree = "<group>"; };
/* End PBXFileReference section */

/* Begin PBXFrameworksBuildPhase section */
		27B7EE931F50F0870056013D /* Frameworks */ = {
			isa = PBXFrameworksBuildPhase;
			buildActionMask = 2147483647;
			files = (
			);
			runOnlyForDeploymentPostprocessing = 0;
		};
/* End PBXFrameworksBuildPhase section */

/* Begin PBXGroup section */
		27B7EE8D1F50F0870056013D = {
			isa = PBXGroup;
			children = (
				27B7EE981F50F0870056013D /* ARKitPlaneDetectionSample */,
				27B7EE971F50F0870056013D /* Products */,
			);
			sourceTree = "<group>";
		};
		27B7EE971F50F0870056013D /* Products */ = {
			isa = PBXGroup;
			children = (
				27B7EE961F50F0870056013D /* ARKitPlaneDetectionSample.app */,
			);
			name = Products;
			sourceTree = "<group>";
		};
		27B7EE981F50F0870056013D /* ARKitPlaneDetectionSample */ = {
			isa = PBXGroup;
			children = (
				27B7EE991F50F0870056013D /* AppDelegate.swift */,
				27B7EE9D1F50F0870056013D /* ViewController.swift */,
				27B7EE9F1F50F0870056013D /* Main.storyboard */,
				27B7EEA21F50F0870056013D /* Assets.xcassets */,
				27B7EEA41F50F0870056013D /* LaunchScreen.storyboard */,
				27B7EEA71F50F0870056013D /* Info.plist */,
				27B7EEAD1F50F1470056013D /* PlaneNode.swift */,
			);
			path = ARKitPlaneDetectionSample;
			sourceTree = "<group>";
		};
/* End PBXGroup section */

/* Begin PBXNativeTarget section */
		27B7EE951F50F0870056013D /* ARKitPlaneDetectionSample */ = {
			isa = PBXNativeTarget;
			buildConfigurationList = 27B7EEAA1F50F0870056013D /* Build configuration list for PBXNativeTarget "ARKitPlaneDetectionSample" */;
			buildPhases = (
				27B7EE921F50F0870056013D /* Sources */,
				27B7EE931F50F0870056013D /* Frameworks */,
				27B7EE941F50F0870056013D /* Resources */,
			);
			buildRules = (
			);
			dependencies = (
			);
			name = ARKitPlaneDetectionSample;
			productName = ARKitPlaneDetectionSample;
			productReference = 27B7EE961F50F0870056013D /* ARKitPlaneDetectionSample.app */;
			productType = "com.apple.product-type.application";
		};
/* End PBXNativeTarget section */

/* Begin PBXProject section */
		27B7EE8E1F50F0870056013D /* Project object */ = {
			isa = PBXProject;
			attributes = {
				LastSwiftUpdateCheck = 0900;
				LastUpgradeCheck = 0900;
				ORGANIZATIONNAME = SAPPOROWORKS;
				TargetAttributes = {
					27B7EE951F50F0870056013D = {
						CreatedOnToolsVersion = 9.0;
						ProvisioningStyle = Automatic;
					};
				};
			};
			buildConfigurationList = 27B7EE911F50F0870056013D /* Build configuration list for PBXProject "ARKitPlaneDetectionSample" */;
			compatibilityVersion = "Xcode 8.0";
			developmentRegion = en;
			hasScannedForEncodings = 0;
			knownRegions = (
				en,
				Base,
			);
			mainGroup = 27B7EE8D1F50F0870056013D;
			productRefGroup = 27B7EE971F50F0870056013D /* Products */;
			projectDirPath = "";
			projectRoot = "";
			targets = (
				27B7EE951F50F0870056013D /* ARKitPlaneDetectionSample */,
			);
		};
/* End PBXProject section */

/* Begin PBXResourcesBuildPhase section */
		27B7EE941F50F0870056013D /* Resources */ = {
			isa = PBXResourcesBuildPhase;
			buildActionMask = 2147483647;
			files = (
				27B7EEA61F50F0870056013D /* LaunchScreen.storyboard in Resources */,
				27B7EEA31F50F0870056013D /* Assets.xcassets in Resources */,
				27B7EEA11F50F0870056013D /* Main.storyboard in Resources */,
			);
			runOnlyForDeploymentPostprocessing = 0;
		};
/* End PBXResourcesBuildPhase section */

/* Begin PBXSourcesBuildPhase section */
		27B7EE921F50F0870056013D /* Sources */ = {
			isa = PBXSourcesBuildPhase;
			buildActionMask = 2147483647;
			files = (
				27B7EE9E1F50F0870056013D /* ViewController.swift in Sources */,
				27B7EEAE1F50F1470056013D /* PlaneNode.swift in Sources */,
				27B7EE9A1F50F0870056013D /* AppDelegate.swift in Sources */,
			);
			runOnlyForDeploymentPostprocessing = 0;
		};
/* End PBXSourcesBuildPhase section */

/* Begin PBXVariantGroup section */
		27B7EE9F1F50F0870056013D /* Main.storyboard */ = {
			isa = PBXVariantGroup;
			children = (
				27B7EEA01F50F0870056013D /* Base */,
			);
			name = Main.storyboard;
			sourceTree = "<group>";
		};
		27B7EEA41F50F0870056013D /* LaunchScreen.storyboard */ = {
			isa = PBXVariantGroup;
			children = (
				27B7EEA51F50F0870056013D /* Base */,
			);
			name = LaunchScreen.storyboard;
			sourceTree = "<group>";
		};
/* End PBXVariantGroup section */

/* Begin XCBuildConfiguration section */
		27B7EEA81F50F0870056013D /* Debug */ = {
			isa = XCBuildConfiguration;
			buildSettings = {
				ALWAYS_SEARCH_USER_PATHS = NO;
				CLANG_ANALYZER_NONNULL = YES;
				CLANG_ANALYZER_NUMBER_OBJECT_CONVERSION = YES_AGGRESSIVE;
				CLANG_CXX_LANGUAGE_STANDARD = "gnu++14";
				CLANG_CXX_LIBRARY = "libc++";
				CLANG_ENABLE_MODULES = YES;
				CLANG_ENABLE_OBJC_ARC = YES;
				CLANG_WARN_BLOCK_CAPTURE_AUTORELEASING = YES;
				CLANG_WARN_BOOL_CONVERSION = YES;
				CLANG_WARN_COMMA = YES;
				CLANG_WARN_CONSTANT_CONVERSION = YES;
				CLANG_WARN_DIRECT_OBJC_ISA_USAGE = YES_ERROR;
				CLANG_WARN_DOCUMENTATION_COMMENTS = YES;
				CLANG_WARN_EMPTY_BODY = YES;
				CLANG_WARN_ENUM_CONVERSION = YES;
				CLANG_WARN_INFINITE_RECURSION = YES;
				CLANG_WARN_INT_CONVERSION = YES;
				CLANG_WARN_NON_LITERAL_NULL_CONVERSION = YES;
				CLANG_WARN_OBJC_LITERAL_CONVERSION = YES;
				CLANG_WARN_OBJC_ROOT_CLASS = YES_ERROR;
				CLANG_WARN_RANGE_LOOP_ANALYSIS = YES;
				CLANG_WARN_STRICT_PROTOTYPES = YES;
				CLANG_WARN_SUSPICIOUS_MOVE = YES;
				CLANG_WARN_UNGUARDED_AVAILABILITY = YES_AGGRESSIVE;
				CLANG_WARN_UNREACHABLE_CODE = YES;
				CLANG_WARN__DUPLICATE_METHOD_MATCH = YES;
				CODE_SIGN_IDENTITY = "iPhone Developer";
				COPY_PHASE_STRIP = NO;
				DEBUG_INFORMATION_FORMAT = dwarf;
				ENABLE_STRICT_OBJC_MSGSEND = YES;
				ENABLE_TESTABILITY = YES;
				GCC_C_LANGUAGE_STANDARD = gnu11;
				GCC_DYNAMIC_NO_PIC = NO;
				GCC_NO_COMMON_BLOCKS = YES;
				GCC_OPTIMIZATION_LEVEL = 0;
				GCC_PREPROCESSOR_DEFINITIONS = (
					"DEBUG=1",
					"$(inherited)",
				);
				GCC_WARN_64_TO_32_BIT_CONVERSION = YES;
				GCC_WARN_ABOUT_RETURN_TYPE = YES_ERROR;
				GCC_WARN_UNDECLARED_SELECTOR = YES;
				GCC_WARN_UNINITIALIZED_AUTOS = YES_AGGRESSIVE;
				GCC_WARN_UNUSED_FUNCTION = YES;
				GCC_WARN_UNUSED_VARIABLE = YES;
				IPHONEOS_DEPLOYMENT_TARGET = 11.0;
				MTL_ENABLE_DEBUG_INFO = YES;
				ONLY_ACTIVE_ARCH = YES;
				SDKROOT = iphoneos;
				SWIFT_ACTIVE_COMPILATION_CONDITIONS = DEBUG;
				SWIFT_OPTIMIZATION_LEVEL = "-Onone";
			};
			name = Debug;
		};
		27B7EEA91F50F0870056013D /* Release */ = {
			isa = XCBuildConfiguration;
			buildSettings = {
				ALWAYS_SEARCH_USER_PATHS = NO;
				CLANG_ANALYZER_NONNULL = YES;
				CLANG_ANALYZER_NUMBER_OBJECT_CONVERSION = YES_AGGRESSIVE;
				CLANG_CXX_LANGUAGE_STANDARD = "gnu++14";
				CLANG_CXX_LIBRARY = "libc++";
				CLANG_ENABLE_MODULES = YES;
				CLANG_ENABLE_OBJC_ARC = YES;
				CLANG_WARN_BLOCK_CAPTURE_AUTORELEASING = YES;
				CLANG_WARN_BOOL_CONVERSION = YES;
				CLANG_WARN_COMMA = YES;
				CLANG_WARN_CONSTANT_CONVERSION = YES;
				CLANG_WARN_DIRECT_OBJC_ISA_USAGE = YES_ERROR;
				CLANG_WARN_DOCUMENTATION_COMMENTS = YES;
				CLANG_WARN_EMPTY_BODY = YES;
				CLANG_WARN_ENUM_CONVERSION = YES;
				CLANG_WARN_INFINITE_RECURSION = YES;
				CLANG_WARN_INT_CONVERSION = YES;
				CLANG_WARN_NON_LITERAL_NULL_CONVERSION = YES;
				CLANG_WARN_OBJC_LITERAL_CONVERSION = YES;
				CLANG_WARN_OBJC_ROOT_CLASS = YES_ERROR;
				CLANG_WARN_RANGE_LOOP_ANALYSIS = YES;
				CLANG_WARN_STRICT_PROTOTYPES = YES;
				CLANG_WARN_SUSPICIOUS_MOVE = YES;
				CLANG_WARN_UNGUARDED_AVAILABILITY = YES_AGGRESSIVE;
				CLANG_WARN_UNREACHABLE_CODE = YES;
				CLANG_WARN__DUPLICATE_METHOD_MATCH = YES;
				CODE_SIGN_IDENTITY = "iPhone Developer";
				COPY_PHASE_STRIP = NO;
				DEBUG_INFORMATION_FORMAT = "dwarf-with-dsym";
				ENABLE_NS_ASSERTIONS = NO;
				ENABLE_STRICT_OBJC_MSGSEND = YES;
				GCC_C_LANGUAGE_STANDARD = gnu11;
				GCC_NO_COMMON_BLOCKS = YES;
				GCC_WARN_64_TO_32_BIT_CONVERSION = YES;
				GCC_WARN_ABOUT_RETURN_TYPE = YES_ERROR;
				GCC_WARN_UNDECLARED_SELECTOR = YES;
				GCC_WARN_UNINITIALIZED_AUTOS = YES_AGGRESSIVE;
				GCC_WARN_UNUSED_FUNCTION = YES;
				GCC_WARN_UNUSED_VARIABLE = YES;
				IPHONEOS_DEPLOYMENT_TARGET = 11.0;
				MTL_ENABLE_DEBUG_INFO = NO;
				SDKROOT = iphoneos;
				SWIFT_OPTIMIZATION_LEVEL = "-Owholemodule";
				VALIDATE_PRODUCT = YES;
			};
			name = Release;
		};
		27B7EEAB1F50F0870056013D /* Debug */ = {
			isa = XCBuildConfiguration;
			buildSettings = {
				ASSETCATALOG_COMPILER_APPICON_NAME = AppIcon;
				CODE_SIGN_STYLE = Automatic;
				DEVELOPMENT_TEAM = 359LVN2JBK;
				INFOPLIST_FILE = ARKitPlaneDetectionSample/Info.plist;
				LD_RUNPATH_SEARCH_PATHS = "$(inherited) @executable_path/Frameworks";
				PRODUCT_BUNDLE_IDENTIFIER = jp.ne.sapporoworks.ARKitPlaneDetectionSample;
				PRODUCT_NAME = "$(TARGET_NAME)";
				SWIFT_VERSION = 4.0;
				TARGETED_DEVICE_FAMILY = "1,2";
			};
			name = Debug;
		};
		27B7EEAC1F50F0870056013D /* Release */ = {
			isa = XCBuildConfiguration;
			buildSettings = {
				ASSETCATALOG_COMPILER_APPICON_NAME = AppIcon;
				CODE_SIGN_STYLE = Automatic;
				DEVELOPMENT_TEAM = 359LVN2JBK;
				INFOPLIST_FILE = ARKitPlaneDetectionSample/Info.plist;
				LD_RUNPATH_SEARCH_PATHS = "$(inherited) @executable_path/Frameworks";
				PRODUCT_BUNDLE_IDENTIFIER = jp.ne.sapporoworks.ARKitPlaneDetectionSample;
				PRODUCT_NAME = "$(TARGET_NAME)";
				SWIFT_VERSION = 4.0;
				TARGETED_DEVICE_FAMILY = "1,2";
			};
			name = Release;
		};
/* End XCBuildConfiguration section */

/* Begin XCConfigurationList section */
		27B7EE911F50F0870056013D /* Build configuration list for PBXProject "ARKitPlaneDetectionSample" */ = {
			isa = XCConfigurationList;
			buildConfigurations = (
				27B7EEA81F50F0870056013D /* Debug */,
				27B7EEA91F50F0870056013D /* Release */,
			);
			defaultConfigurationIsVisible = 0;
			defaultConfigurationName = Release;
		};
		27B7EEAA1F50F0870056013D /* Build configuration list for PBXNativeTarget "ARKitPlaneDetectionSample" */ = {
			isa = XCConfigurationList;
			buildConfigurations = (
				27B7EEAB1F50F0870056013D /* Debug */,
				27B7EEAC1F50F0870056013D /* Release */,
			);
			defaultConfigurationIsVisible = 0;
			defaultConfigurationName = Release;
		};
/* End XCConfigurationList section */
	};
	rootObject = 27B7EE8E1F50F0870056013D /* Project object */;
}
